
Microsoft Visual Studio Solution File, Format Version 12.00
# Visual Studio Version 16
VisualStudioVersion = 16.0.36227.6
MinimumVisualStudioVersion = 10.0.40219.1
Project("{FAE04EC0-301F-11D3-BF4B-00C04F79EFBC}") = "capaVista", "capaVista\capaVista.csproj", "{8F7767A3-2780-4939-8A9F-98AFD994839D}"
EndProject
Project("{FAE04EC0-301F-11D3-BF4B-00C04F79EFBC}") = "capaControlador", "capaControlador\capaControlador.csproj", "{E48E30D0-EC40-4D07-885C-14C740CA15D0}"
EndProject
Project("{FAE04EC0-301F-11D3-BF4B-00C04F79EFBC}") = "CapaModelo", "CapaModelo\CapaModelo.csproj", "{F53DBA31-A4B2-45D2-8E9D-4AF87CED0E77}"
EndProject
Global
	GlobalSection(SolutionConfigurationPlatforms) = preSolution
		Debug|Any CPU = Debug|Any CPU
		Release|Any CPU = Release|Any CPU
	EndGlobalSection
	GlobalSection(ProjectConfigurationPlatforms) = postSolution
		{8F7767A3-2780-4939-8A9F-98AFD994839D}.Debug|Any CPU.ActiveCfg = Debug|Any CPU
		{8F7767A3-2780-4939-8A9F-98AFD994839D}.Debug|Any CPU.Build.0 = Debug|Any CPU
		{8F7767A3-2780-4939-8A9F-98AFD994839D}.Release|Any CPU.ActiveCfg = Release|Any CPU
		{8F7767A3-2780-4939-8A9F-98AFD994839D}.Release|Any CPU.Build.0 = Release|Any CPU
		{E48E30D0-EC40-4D07-885C-14C740CA15D0}.Debug|Any CPU.ActiveCfg = Debug|Any CPU
		{E48E30D0-EC40-4D07-885C-14C740CA15D0}.Debug|Any CPU.Build.0 = Debug|Any CPU
		{E48E30D0-EC40-4D07-885C-14C740CA15D0}.Release|Any CPU.ActiveCfg = Release|Any CPU
		{E48E30D0-EC40-4D07-885C-14C740CA15D0}.Release|Any CPU.Build.0 = Release|Any CPU
		{F53DBA31-A4B2-45D2-8E9D-4AF87CED0E77}.Debug|Any CPU.ActiveCfg = Debug|Any CPU
		{F53DBA31-A4B2-45D2-8E9D-4AF87CED0E77}.Debug|Any CPU.Build.0 = Debug|Any CPU
		{F53DBA31-A4B2-45D2-8E9D-4AF87CED0E77}.Release|Any CPU.ActiveCfg = Release|Any CPU
		{F53DBA31-A4B2-45D2-8E9D-4AF87CED0E77}.Release|Any CPU.Build.0 = Release|Any CPU
	EndGlobalSection
	GlobalSection(SolutionProperties) = preSolution
		HideSolutionNode = FALSE
	EndGlobalSection
	GlobalSection(ExtensibilityGlobals) = postSolution
		SolutionGuid = {0361B3D6-7A40-4A75-9C61-736E17CE26B0}
	EndGlobalSection
EndGlobal
